// !$*UTF8*$!
{
	archiveVersion = 1;
	classes = {
	};
	objectVersion = 46;
	objects = {

/* Begin PBXBuildFile section */
		4C04D9D013E92C88001A300A /* pause.png in Resources */ = {isa = PBXBuildFile; fileRef = 4C04D9CE13E92C88001A300A /* pause.png */; };
		4C04D9D313E93068001A300A /* play.png in Resources */ = {isa = PBXBuildFile; fileRef = 4C04D9D213E93068001A300A /* play.png */; };
		4C04D9D513E93213001A300A /* cancel.png in Resources */ = {isa = PBXBuildFile; fileRef = 4C04D9D413E93213001A300A /* cancel.png */; };
		4C04D9D813E93D4D001A300A /* SampleWorker.m in Sources */ = {isa = PBXBuildFile; fileRef = 4C04D9D713E93D4D001A300A /* SampleWorker.m */; };
		4C0E5A7F13E7E3A500D56EDE /* MyCell.m in Sources */ = {isa = PBXBuildFile; fileRef = 4C0E5A7E13E7E3A500D56EDE /* MyCell.m */; };
		4C0E5A8013E7E3A500D56EDE /* MyCell.m in Sources */ = {isa = PBXBuildFile; fileRef = 4C0E5A7E13E7E3A500D56EDE /* MyCell.m */; };
		4C0E5A8213E7E3B500D56EDE /* MyCell.xib in Resources */ = {isa = PBXBuildFile; fileRef = 4C0E5A8113E7E3B500D56EDE /* MyCell.xib */; };
		4C0E5A8313E7E3B500D56EDE /* MyCell.xib in Resources */ = {isa = PBXBuildFile; fileRef = 4C0E5A8113E7E3B500D56EDE /* MyCell.xib */; };
		4C43EFC113EBAD200057A7F4 /* FBWorkerManagerViewController.xib in Resources */ = {isa = PBXBuildFile; fileRef = 4C4B823113E64420008A7088 /* FBWorkerManagerViewController.xib */; };
		4C4B821A13E64420008A7088 /* UIKit.framework in Frameworks */ = {isa = PBXBuildFile; fileRef = 4C4B821913E64420008A7088 /* UIKit.framework */; };
		4C4B821C13E64420008A7088 /* Foundation.framework in Frameworks */ = {isa = PBXBuildFile; fileRef = 4C4B821B13E64420008A7088 /* Foundation.framework */; };
		4C4B821E13E64420008A7088 /* CoreGraphics.framework in Frameworks */ = {isa = PBXBuildFile; fileRef = 4C4B821D13E64420008A7088 /* CoreGraphics.framework */; };
		4C4B822413E64420008A7088 /* InfoPlist.strings in Resources */ = {isa = PBXBuildFile; fileRef = 4C4B822213E64420008A7088 /* InfoPlist.strings */; };
		4C4B822613E64420008A7088 /* main.m in Sources */ = {isa = PBXBuildFile; fileRef = 4C4B822513E64420008A7088 /* main.m */; };
		4C4B822A13E64420008A7088 /* FBWorkerManagerAppDelegate.m in Sources */ = {isa = PBXBuildFile; fileRef = 4C4B822913E64420008A7088 /* FBWorkerManagerAppDelegate.m */; };
		4C4B822D13E64420008A7088 /* MainWindow.xib in Resources */ = {isa = PBXBuildFile; fileRef = 4C4B822B13E64420008A7088 /* MainWindow.xib */; };
		4C4B823013E64420008A7088 /* FBWorkerManagerViewController.m in Sources */ = {isa = PBXBuildFile; fileRef = 4C4B822F13E64420008A7088 /* FBWorkerManagerViewController.m */; };
		4C4B823B13E64421008A7088 /* SenTestingKit.framework in Frameworks */ = {isa = PBXBuildFile; fileRef = 4C4B823A13E64421008A7088 /* SenTestingKit.framework */; };
		4C4B823C13E64421008A7088 /* UIKit.framework in Frameworks */ = {isa = PBXBuildFile; fileRef = 4C4B821913E64420008A7088 /* UIKit.framework */; };
		4C4B823D13E64421008A7088 /* Foundation.framework in Frameworks */ = {isa = PBXBuildFile; fileRef = 4C4B821B13E64420008A7088 /* Foundation.framework */; };
		4C4B823E13E64421008A7088 /* CoreGraphics.framework in Frameworks */ = {isa = PBXBuildFile; fileRef = 4C4B821D13E64420008A7088 /* CoreGraphics.framework */; };
		4C4B824613E64421008A7088 /* InfoPlist.strings in Resources */ = {isa = PBXBuildFile; fileRef = 4C4B824413E64421008A7088 /* InfoPlist.strings */; };
		4C4B824813E64421008A7088 /* FBWorkerManagerTests.h in Resources */ = {isa = PBXBuildFile; fileRef = 4C4B824713E64421008A7088 /* FBWorkerManagerTests.h */; };
		4C4B824A13E64421008A7088 /* FBWorkerManagerTests.m in Sources */ = {isa = PBXBuildFile; fileRef = 4C4B824913E64421008A7088 /* FBWorkerManagerTests.m */; };
		4C4B825613E6449A008A7088 /* FBWorkerManager.m in Sources */ = {isa = PBXBuildFile; fileRef = 4C4B825513E6449A008A7088 /* FBWorkerManager.m */; };
		4C4B825713E6449A008A7088 /* FBWorkerManager.m in Sources */ = {isa = PBXBuildFile; fileRef = 4C4B825513E6449A008A7088 /* FBWorkerManager.m */; };
/* End PBXBuildFile section */

/* Begin PBXContainerItemProxy section */
		4C4B823F13E64421008A7088 /* PBXContainerItemProxy */ = {
			isa = PBXContainerItemProxy;
			containerPortal = 4C4B820C13E64420008A7088 /* Project object */;
			proxyType = 1;
			remoteGlobalIDString = 4C4B821413E64420008A7088;
			remoteInfo = LKWorkerManager;
		};
/* End PBXContainerItemProxy section */

/* Begin PBXFileReference section */
		4C04D9CE13E92C88001A300A /* pause.png */ = {isa = PBXFileReference; lastKnownFileType = image.png; path = pause.png; sourceTree = "<group>"; };
		4C04D9D213E93068001A300A /* play.png */ = {isa = PBXFileReference; lastKnownFileType = image.png; path = play.png; sourceTree = "<group>"; };
		4C04D9D413E93213001A300A /* cancel.png */ = {isa = PBXFileReference; lastKnownFileType = image.png; path = cancel.png; sourceTree = "<group>"; };
		4C04D9D613E93D4C001A300A /* SampleWorker.h */ = {isa = PBXFileReference; fileEncoding = 4; lastKnownFileType = sourcecode.c.h; path = SampleWorker.h; sourceTree = "<group>"; };
		4C04D9D713E93D4D001A300A /* SampleWorker.m */ = {isa = PBXFileReference; fileEncoding = 4; lastKnownFileType = sourcecode.c.objc; path = SampleWorker.m; sourceTree = "<group>"; };
		4C0E5A7D13E7E3A500D56EDE /* MyCell.h */ = {isa = PBXFileReference; fileEncoding = 4; lastKnownFileType = sourcecode.c.h; path = MyCell.h; sourceTree = "<group>"; };
		4C0E5A7E13E7E3A500D56EDE /* MyCell.m */ = {isa = PBXFileReference; fileEncoding = 4; lastKnownFileType = sourcecode.c.objc; path = MyCell.m; sourceTree = "<group>"; };
		4C0E5A8113E7E3B500D56EDE /* MyCell.xib */ = {isa = PBXFileReference; fileEncoding = 4; lastKnownFileType = file.xib; path = MyCell.xib; sourceTree = "<group>"; };
		4C4B821513E64420008A7088 /* FBWorkerManager.app */ = {isa = PBXFileReference; explicitFileType = wrapper.application; includeInIndex = 0; path = FBWorkerManager.app; sourceTree = BUILT_PRODUCTS_DIR; };
		4C4B821913E64420008A7088 /* UIKit.framework */ = {isa = PBXFileReference; lastKnownFileType = wrapper.framework; name = UIKit.framework; path = System/Library/Frameworks/UIKit.framework; sourceTree = SDKROOT; };
		4C4B821B13E64420008A7088 /* Foundation.framework */ = {isa = PBXFileReference; lastKnownFileType = wrapper.framework; name = Foundation.framework; path = System/Library/Frameworks/Foundation.framework; sourceTree = SDKROOT; };
		4C4B821D13E64420008A7088 /* CoreGraphics.framework */ = {isa = PBXFileReference; lastKnownFileType = wrapper.framework; name = CoreGraphics.framework; path = System/Library/Frameworks/CoreGraphics.framework; sourceTree = SDKROOT; };
		4C4B822113E64420008A7088 /* FBWorkerManager-Info.plist */ = {isa = PBXFileReference; lastKnownFileType = text.plist.xml; path = "FBWorkerManager-Info.plist"; sourceTree = "<group>"; };
		4C4B822313E64420008A7088 /* en */ = {isa = PBXFileReference; lastKnownFileType = text.plist.strings; name = en; path = en.lproj/InfoPlist.strings; sourceTree = "<group>"; };
		4C4B822513E64420008A7088 /* main.m */ = {isa = PBXFileReference; lastKnownFileType = sourcecode.c.objc; path = main.m; sourceTree = "<group>"; };
		4C4B822713E64420008A7088 /* FBWorkerManager-Prefix.pch */ = {isa = PBXFileReference; lastKnownFileType = sourcecode.c.h; path = "FBWorkerManager-Prefix.pch"; sourceTree = "<group>"; };
		4C4B822813E64420008A7088 /* FBWorkerManagerAppDelegate.h */ = {isa = PBXFileReference; lastKnownFileType = sourcecode.c.h; path = FBWorkerManagerAppDelegate.h; sourceTree = "<group>"; };
		4C4B822913E64420008A7088 /* FBWorkerManagerAppDelegate.m */ = {isa = PBXFileReference; lastKnownFileType = sourcecode.c.objc; path = FBWorkerManagerAppDelegate.m; sourceTree = "<group>"; };
		4C4B822C13E64420008A7088 /* en */ = {isa = PBXFileReference; lastKnownFileType = file.xib; name = en; path = en.lproj/MainWindow.xib; sourceTree = "<group>"; };
		4C4B822E13E64420008A7088 /* FBWorkerManagerViewController.h */ = {isa = PBXFileReference; lastKnownFileType = sourcecode.c.h; path = FBWorkerManagerViewController.h; sourceTree = "<group>"; };
		4C4B822F13E64420008A7088 /* FBWorkerManagerViewController.m */ = {isa = PBXFileReference; lastKnownFileType = sourcecode.c.objc; path = FBWorkerManagerViewController.m; sourceTree = "<group>"; };
		4C4B823213E64420008A7088 /* en */ = {isa = PBXFileReference; lastKnownFileType = file.xib; name = en; path = en.lproj/FBWorkerManagerViewController.xib; sourceTree = "<group>"; };
		4C4B823913E64421008A7088 /* FBWorkerManagerTests.octest */ = {isa = PBXFileReference; explicitFileType = wrapper.cfbundle; includeInIndex = 0; path = FBWorkerManagerTests.octest; sourceTree = BUILT_PRODUCTS_DIR; };
		4C4B823A13E64421008A7088 /* SenTestingKit.framework */ = {isa = PBXFileReference; lastKnownFileType = wrapper.framework; name = SenTestingKit.framework; path = Library/Frameworks/SenTestingKit.framework; sourceTree = DEVELOPER_DIR; };
		4C4B824313E64421008A7088 /* FBWorkerManagerTests-Info.plist */ = {isa = PBXFileReference; lastKnownFileType = text.plist.xml; path = "FBWorkerManagerTests-Info.plist"; sourceTree = "<group>"; };
		4C4B824513E64421008A7088 /* en */ = {isa = PBXFileReference; lastKnownFileType = text.plist.strings; name = en; path = en.lproj/InfoPlist.strings; sourceTree = "<group>"; };
		4C4B824713E64421008A7088 /* FBWorkerManagerTests.h */ = {isa = PBXFileReference; lastKnownFileType = sourcecode.c.h; path = FBWorkerManagerTests.h; sourceTree = "<group>"; };
		4C4B824913E64421008A7088 /* FBWorkerManagerTests.m */ = {isa = PBXFileReference; lastKnownFileType = sourcecode.c.objc; path = FBWorkerManagerTests.m; sourceTree = "<group>"; };
		4C4B825413E6449A008A7088 /* FBWorkerManager.h */ = {isa = PBXFileReference; fileEncoding = 4; lastKnownFileType = sourcecode.c.h; lineEnding = 0; path = FBWorkerManager.h; sourceTree = "<group>"; };
		4C4B825513E6449A008A7088 /* FBWorkerManager.m */ = {isa = PBXFileReference; fileEncoding = 4; lastKnownFileType = sourcecode.c.objc; lineEnding = 0; path = FBWorkerManager.m; sourceTree = "<group>"; };
		4C4B825813E644AB008A7088 /* FBWorker.h */ = {isa = PBXFileReference; fileEncoding = 4; lastKnownFileType = sourcecode.c.h; lineEnding = 0; path = FBWorker.h; sourceTree = "<group>"; };
/* End PBXFileReference section */

/* Begin PBXFrameworksBuildPhase section */
		4C4B821213E64420008A7088 /* Frameworks */ = {
			isa = PBXFrameworksBuildPhase;
			buildActionMask = 2147483647;
			files = (
				4C4B821A13E64420008A7088 /* UIKit.framework in Frameworks */,
				4C4B821C13E64420008A7088 /* Foundation.framework in Frameworks */,
				4C4B821E13E64420008A7088 /* CoreGraphics.framework in Frameworks */,
			);
			runOnlyForDeploymentPostprocessing = 0;
		};
		4C4B823513E64421008A7088 /* Frameworks */ = {
			isa = PBXFrameworksBuildPhase;
			buildActionMask = 2147483647;
			files = (
				4C4B823B13E64421008A7088 /* SenTestingKit.framework in Frameworks */,
				4C4B823C13E64421008A7088 /* UIKit.framework in Frameworks */,
				4C4B823D13E64421008A7088 /* Foundation.framework in Frameworks */,
				4C4B823E13E64421008A7088 /* CoreGraphics.framework in Frameworks */,
			);
			runOnlyForDeploymentPostprocessing = 0;
		};
/* End PBXFrameworksBuildPhase section */

/* Begin PBXGroup section */
		4C4B820A13E64420008A7088 = {
			isa = PBXGroup;
			children = (
				4C4B825313E6443D008A7088 /* FBWorkerManager */,
				4C4B821F13E64420008A7088 /* Test Application */,
				4C4B824113E64421008A7088 /* LKWorkerManagerTests */,
				4C4B821813E64420008A7088 /* Frameworks */,
				4C4B821613E64420008A7088 /* Products */,
			);
			sourceTree = "<group>";
		};
		4C4B821613E64420008A7088 /* Products */ = {
			isa = PBXGroup;
			children = (
				4C4B821513E64420008A7088 /* FBWorkerManager.app */,
				4C4B823913E64421008A7088 /* FBWorkerManagerTests.octest */,
			);
			name = Products;
			sourceTree = "<group>";
		};
		4C4B821813E64420008A7088 /* Frameworks */ = {
			isa = PBXGroup;
			children = (
				4C4B821913E64420008A7088 /* UIKit.framework */,
				4C4B821B13E64420008A7088 /* Foundation.framework */,
				4C4B821D13E64420008A7088 /* CoreGraphics.framework */,
				4C4B823A13E64421008A7088 /* SenTestingKit.framework */,
			);
			name = Frameworks;
			sourceTree = "<group>";
		};
		4C4B821F13E64420008A7088 /* Test Application */ = {
			isa = PBXGroup;
			children = (
				4C4B822813E64420008A7088 /* FBWorkerManagerAppDelegate.h */,
				4C4B822913E64420008A7088 /* FBWorkerManagerAppDelegate.m */,
				4C4B822B13E64420008A7088 /* MainWindow.xib */,
				4C4B822E13E64420008A7088 /* FBWorkerManagerViewController.h */,
				4C4B822F13E64420008A7088 /* FBWorkerManagerViewController.m */,
				4C4B823113E64420008A7088 /* FBWorkerManagerViewController.xib */,
				4C04D9D613E93D4C001A300A /* SampleWorker.h */,
				4C04D9D713E93D4D001A300A /* SampleWorker.m */,
				4C4B822013E64420008A7088 /* Supporting Files */,
				4C0E5A7D13E7E3A500D56EDE /* MyCell.h */,
				4C0E5A7E13E7E3A500D56EDE /* MyCell.m */,
				4C0E5A8113E7E3B500D56EDE /* MyCell.xib */,
			);
			path = "Test Application";
			sourceTree = "<group>";
		};
		4C4B822013E64420008A7088 /* Supporting Files */ = {
			isa = PBXGroup;
			children = (
				4C04D9D413E93213001A300A /* cancel.png */,
				4C04D9D213E93068001A300A /* play.png */,
				4C04D9CE13E92C88001A300A /* pause.png */,
				4C4B822113E64420008A7088 /* FBWorkerManager-Info.plist */,
				4C4B822213E64420008A7088 /* InfoPlist.strings */,
				4C4B822513E64420008A7088 /* main.m */,
				4C4B822713E64420008A7088 /* FBWorkerManager-Prefix.pch */,
			);
			name = "Supporting Files";
			sourceTree = "<group>";
		};
		4C4B824113E64421008A7088 /* LKWorkerManagerTests */ = {
			isa = PBXGroup;
			children = (
				4C4B824713E64421008A7088 /* FBWorkerManagerTests.h */,
				4C4B824913E64421008A7088 /* FBWorkerManagerTests.m */,
				4C4B824213E64421008A7088 /* Supporting Files */,
			);
			name = LKWorkerManagerTests;
			path = FBWorkerManagerTests;
			sourceTree = "<group>";
		};
		4C4B824213E64421008A7088 /* Supporting Files */ = {
			isa = PBXGroup;
			children = (
				4C4B824313E64421008A7088 /* FBWorkerManagerTests-Info.plist */,
				4C4B824413E64421008A7088 /* InfoPlist.strings */,
			);
			name = "Supporting Files";
			sourceTree = "<group>";
		};
		4C4B825313E6443D008A7088 /* FBWorkerManager */ = {
			isa = PBXGroup;
			children = (
				4C4B825413E6449A008A7088 /* FBWorkerManager.h */,
				4C4B825513E6449A008A7088 /* FBWorkerManager.m */,
				4C4B825813E644AB008A7088 /* FBWorker.h */,
			);
			path = FBWorkerManager;
			sourceTree = "<group>";
		};
/* End PBXGroup section */

/* Begin PBXNativeTarget section */
		4C4B821413E64420008A7088 /* FBWorkerManager */ = {
			isa = PBXNativeTarget;
			buildConfigurationList = 4C4B824D13E64421008A7088 /* Build configuration list for PBXNativeTarget "FBWorkerManager" */;
			buildPhases = (
				4C4B821113E64420008A7088 /* Sources */,
				4C4B821213E64420008A7088 /* Frameworks */,
				4C4B821313E64420008A7088 /* Resources */,
			);
			buildRules = (
			);
			dependencies = (
			);
			name = FBWorkerManager;
			productName = LKWorkerManager;
			productReference = 4C4B821513E64420008A7088 /* FBWorkerManager.app */;
			productType = "com.apple.product-type.application";
		};
		4C4B823813E64421008A7088 /* FBWorkerManagerTests */ = {
			isa = PBXNativeTarget;
			buildConfigurationList = 4C4B825013E64421008A7088 /* Build configuration list for PBXNativeTarget "FBWorkerManagerTests" */;
			buildPhases = (
				4C4B823413E64421008A7088 /* Sources */,
				4C4B823513E64421008A7088 /* Frameworks */,
				4C4B823613E64421008A7088 /* Resources */,
				4C4B823713E64421008A7088 /* ShellScript */,
			);
			buildRules = (
			);
			dependencies = (
				4C4B824013E64421008A7088 /* PBXTargetDependency */,
			);
			name = FBWorkerManagerTests;
			productName = LKWorkerManagerTests;
			productReference = 4C4B823913E64421008A7088 /* FBWorkerManagerTests.octest */;
			productType = "com.apple.product-type.bundle";
		};
/* End PBXNativeTarget section */

/* Begin PBXProject section */
		4C4B820C13E64420008A7088 /* Project object */ = {
			isa = PBXProject;
			attributes = {
				LastUpgradeCheck = 0420;
			};
			buildConfigurationList = 4C4B820F13E64420008A7088 /* Build configuration list for PBXProject "FBWorkerManager" */;
			compatibilityVersion = "Xcode 3.2";
			developmentRegion = English;
			hasScannedForEncodings = 0;
			knownRegions = (
				en,
			);
			mainGroup = 4C4B820A13E64420008A7088;
			productRefGroup = 4C4B821613E64420008A7088 /* Products */;
			projectDirPath = "";
			projectRoot = "";
			targets = (
				4C4B821413E64420008A7088 /* FBWorkerManager */,
				4C4B823813E64421008A7088 /* FBWorkerManagerTests */,
			);
		};
/* End PBXProject section */

/* Begin PBXResourcesBuildPhase section */
		4C4B821313E64420008A7088 /* Resources */ = {
			isa = PBXResourcesBuildPhase;
			buildActionMask = 2147483647;
			files = (
				4C4B822413E64420008A7088 /* InfoPlist.strings in Resources */,
				4C4B822D13E64420008A7088 /* MainWindow.xib in Resources */,
				4C0E5A8213E7E3B500D56EDE /* MyCell.xib in Resources */,
				4C04D9D013E92C88001A300A /* pause.png in Resources */,
				4C04D9D313E93068001A300A /* play.png in Resources */,
				4C04D9D513E93213001A300A /* cancel.png in Resources */,
				4C43EFC113EBAD200057A7F4 /* FBWorkerManagerViewController.xib in Resources */,
			);
			runOnlyForDeploymentPostprocessing = 0;
		};
		4C4B823613E64421008A7088 /* Resources */ = {
			isa = PBXResourcesBuildPhase;
			buildActionMask = 2147483647;
			files = (
				4C4B824613E64421008A7088 /* InfoPlist.strings in Resources */,
				4C4B824813E64421008A7088 /* FBWorkerManagerTests.h in Resources */,
				4C0E5A8313E7E3B500D56EDE /* MyCell.xib in Resources */,
			);
			runOnlyForDeploymentPostprocessing = 0;
		};
/* End PBXResourcesBuildPhase section */

/* Begin PBXShellScriptBuildPhase section */
		4C4B823713E64421008A7088 /* ShellScript */ = {
			isa = PBXShellScriptBuildPhase;
			buildActionMask = 2147483647;
			files = (
			);
			inputPaths = (
			);
			outputPaths = (
			);
			runOnlyForDeploymentPostprocessing = 0;
			shellPath = /bin/sh;
			shellScript = "# Run the unit tests in this test bundle.\n\"${SYSTEM_DEVELOPER_DIR}/Tools/RunUnitTests\"\n";
		};
/* End PBXShellScriptBuildPhase section */

/* Begin PBXSourcesBuildPhase section */
		4C4B821113E64420008A7088 /* Sources */ = {
			isa = PBXSourcesBuildPhase;
			buildActionMask = 2147483647;
			files = (
				4C4B822613E64420008A7088 /* main.m in Sources */,
				4C4B822A13E64420008A7088 /* FBWorkerManagerAppDelegate.m in Sources */,
				4C4B823013E64420008A7088 /* FBWorkerManagerViewController.m in Sources */,
				4C4B825613E6449A008A7088 /* FBWorkerManager.m in Sources */,
				4C0E5A7F13E7E3A500D56EDE /* MyCell.m in Sources */,
				4C04D9D813E93D4D001A300A /* SampleWorker.m in Sources */,
			);
			runOnlyForDeploymentPostprocessing = 0;
		};
		4C4B823413E64421008A7088 /* Sources */ = {
			isa = PBXSourcesBuildPhase;
			buildActionMask = 2147483647;
			files = (
				4C4B824A13E64421008A7088 /* FBWorkerManagerTests.m in Sources */,
				4C4B825713E6449A008A7088 /* FBWorkerManager.m in Sources */,
				4C0E5A8013E7E3A500D56EDE /* MyCell.m in Sources */,
			);
			runOnlyForDeploymentPostprocessing = 0;
		};
/* End PBXSourcesBuildPhase section */

/* Begin PBXTargetDependency section */
		4C4B824013E64421008A7088 /* PBXTargetDependency */ = {
			isa = PBXTargetDependency;
			target = 4C4B821413E64420008A7088 /* FBWorkerManager */;
			targetProxy = 4C4B823F13E64421008A7088 /* PBXContainerItemProxy */;
		};
/* End PBXTargetDependency section */

/* Begin PBXVariantGroup section */
		4C4B822213E64420008A7088 /* InfoPlist.strings */ = {
			isa = PBXVariantGroup;
			children = (
				4C4B822313E64420008A7088 /* en */,
			);
			name = InfoPlist.strings;
			sourceTree = "<group>";
		};
		4C4B822B13E64420008A7088 /* MainWindow.xib */ = {
			isa = PBXVariantGroup;
			children = (
				4C4B822C13E64420008A7088 /* en */,
			);
			name = MainWindow.xib;
			sourceTree = "<group>";
		};
		4C4B823113E64420008A7088 /* FBWorkerManagerViewController.xib */ = {
			isa = PBXVariantGroup;
			children = (
				4C4B823213E64420008A7088 /* en */,
			);
			name = FBWorkerManagerViewController.xib;
			sourceTree = "<group>";
		};
		4C4B824413E64421008A7088 /* InfoPlist.strings */ = {
			isa = PBXVariantGroup;
			children = (
				4C4B824513E64421008A7088 /* en */,
			);
			name = InfoPlist.strings;
			sourceTree = "<group>";
		};
/* End PBXVariantGroup section */

/* Begin XCBuildConfiguration section */
		4C4B824B13E64421008A7088 /* Debug */ = {
			isa = XCBuildConfiguration;
			buildSettings = {
				ALWAYS_SEARCH_USER_PATHS = NO;
				ARCHS = "$(ARCHS_STANDARD_32_BIT)";
				"CODE_SIGN_IDENTITY[sdk=iphoneos*]" = "iPhone Developer";
				COPY_PHASE_STRIP = NO;
				GCC_C_LANGUAGE_STANDARD = gnu99;
				GCC_DYNAMIC_NO_PIC = NO;
				GCC_OPTIMIZATION_LEVEL = 0;
				GCC_PREPROCESSOR_DEFINITIONS = (
					"DEBUG=1",
					"$(inherited)",
				);
				GCC_SYMBOLS_PRIVATE_EXTERN = NO;
				GCC_VERSION = com.apple.compilers.llvmgcc42;
				GCC_WARN_ABOUT_MISSING_PROTOTYPES = YES;
				GCC_WARN_ABOUT_RETURN_TYPE = YES;
				GCC_WARN_UNUSED_VARIABLE = YES;
				IPHONEOS_DEPLOYMENT_TARGET = 4.3;
				SDKROOT = iphoneos;
			};
			name = Debug;
		};
		4C4B824C13E64421008A7088 /* Release */ = {
			isa = XCBuildConfiguration;
			buildSettings = {
				ALWAYS_SEARCH_USER_PATHS = NO;
				ARCHS = "$(ARCHS_STANDARD_32_BIT)";
				"CODE_SIGN_IDENTITY[sdk=iphoneos*]" = "iPhone Developer";
				COPY_PHASE_STRIP = YES;
				GCC_C_LANGUAGE_STANDARD = gnu99;
				GCC_VERSION = com.apple.compilers.llvmgcc42;
				GCC_WARN_ABOUT_MISSING_PROTOTYPES = YES;
				GCC_WARN_ABOUT_RETURN_TYPE = YES;
				GCC_WARN_UNUSED_VARIABLE = YES;
				IPHONEOS_DEPLOYMENT_TARGET = 4.3;
				OTHER_CFLAGS = "-DNS_BLOCK_ASSERTIONS=1";
				SDKROOT = iphoneos;
				VALIDATE_PRODUCT = YES;
			};
			name = Release;
		};
		4C4B824E13E64421008A7088 /* Debug */ = {
			isa = XCBuildConfiguration;
			buildSettings = {
				GCC_PRECOMPILE_PREFIX_HEADER = YES;
				GCC_PREFIX_HEADER = "Test Application/FBWorkerManager-Prefix.pch";
				INFOPLIST_FILE = "Test Application/FBWorkerManager-Info.plist";
				PRODUCT_NAME = FBWorkerManager;
				WRAPPER_EXTENSION = app;
			};
			name = Debug;
		};
		4C4B824F13E64421008A7088 /* Release */ = {
			isa = XCBuildConfiguration;
			buildSettings = {
				GCC_PRECOMPILE_PREFIX_HEADER = YES;
				GCC_PREFIX_HEADER = "Test Application/FBWorkerManager-Prefix.pch";
				INFOPLIST_FILE = "Test Application/FBWorkerManager-Info.plist";
				PRODUCT_NAME = FBWorkerManager;
				WRAPPER_EXTENSION = app;
			};
			name = Release;
		};
		4C4B825113E64421008A7088 /* Debug */ = {
			isa = XCBuildConfiguration;
			buildSettings = {
				BUNDLE_LOADER = "$(BUILT_PRODUCTS_DIR)/FBWorkerManager.app/FBWorkerManager";
				FRAMEWORK_SEARCH_PATHS = (
					"$(SDKROOT)/Developer/Library/Frameworks",
					"$(DEVELOPER_LIBRARY_DIR)/Frameworks",
				);
				GCC_PRECOMPILE_PREFIX_HEADER = YES;
				GCC_PREFIX_HEADER = "Test Application/FBWorkerManager-Prefix.pch";
				INFOPLIST_FILE = "FBWorkerManagerTests/FBWorkerManagerTests-Info.plist";
				PRODUCT_NAME = FBWorkerManagerTests;
				TEST_HOST = "$(BUNDLE_LOADER)";
				WRAPPER_EXTENSION = octest;
			};
			name = Debug;
		};
		4C4B825213E64421008A7088 /* Release */ = {
			isa = XCBuildConfiguration;
			buildSettings = {
				BUNDLE_LOADER = "$(BUILT_PRODUCTS_DIR)/FBWorkerManager.app/FBWorkerManager";
				FRAMEWORK_SEARCH_PATHS = (
					"$(SDKROOT)/Developer/Library/Frameworks",
					"$(DEVELOPER_LIBRARY_DIR)/Frameworks",
				);
				GCC_PRECOMPILE_PREFIX_HEADER = YES;
				GCC_PREFIX_HEADER = "Test Application/FBWorkerManager-Prefix.pch";
				INFOPLIST_FILE = "FBWorkerManagerTests/FBWorkerManagerTests-Info.plist";
				PRODUCT_NAME = FBWorkerManagerTests;
				TEST_HOST = "$(BUNDLE_LOADER)";
				WRAPPER_EXTENSION = octest;
			};
			name = Release;
		};
/* End XCBuildConfiguration section */

/* Begin XCConfigurationList section */
		4C4B820F13E64420008A7088 /* Build configuration list for PBXProject "FBWorkerManager" */ = {
			isa = XCConfigurationList;
			buildConfigurations = (
				4C4B824B13E64421008A7088 /* Debug */,
				4C4B824C13E64421008A7088 /* Release */,
			);
			defaultConfigurationIsVisible = 0;
			defaultConfigurationName = Release;
		};
		4C4B824D13E64421008A7088 /* Build configuration list for PBXNativeTarget "FBWorkerManager" */ = {
			isa = XCConfigurationList;
			buildConfigurations = (
				4C4B824E13E64421008A7088 /* Debug */,
				4C4B824F13E64421008A7088 /* Release */,
			);
			defaultConfigurationIsVisible = 0;
			defaultConfigurationName = Release;
		};
		4C4B825013E64421008A7088 /* Build configuration list for PBXNativeTarget "FBWorkerManagerTests" */ = {
			isa = XCConfigurationList;
			buildConfigurations = (
				4C4B825113E64421008A7088 /* Debug */,
				4C4B825213E64421008A7088 /* Release */,
			);
			defaultConfigurationIsVisible = 0;
			defaultConfigurationName = Release;
		};
/* End XCConfigurationList section */
	};
	rootObject = 4C4B820C13E64420008A7088 /* Project object */;
}
